
Microsoft Visual Studio Solution File, Format Version 12.00
# Visual Studio Version 17
VisualStudioVersion = 17.7.34221.43
MinimumVisualStudioVersion = 10.0.40219.1
Project("{FAE04EC0-301F-11D3-BF4B-00C04F79EFBC}") = "Factoreil", "Factoreil\Factoreil.csproj", "{829416CE-DEF4-4DAF-8EA3-431940CFBFF6}"
EndProject
Global
	GlobalSection(SolutionConfigurationPlatforms) = preSolution
		Debug|Any CPU = Debug|Any CPU
		Release|Any CPU = Release|Any CPU
	EndGlobalSection
	GlobalSection(ProjectConfigurationPlatforms) = postSolution
		{829416CE-DEF4-4DAF-8EA3-431940CFBFF6}.Debug|Any CPU.ActiveCfg = Debug|Any CPU
		{829416CE-DEF4-4DAF-8EA3-431940CFBFF6}.Debug|Any CPU.Build.0 = Debug|Any CPU
		{829416CE-DEF4-4DAF-8EA3-431940CFBFF6}.Release|Any CPU.ActiveCfg = Release|Any CPU
		{829416CE-DEF4-4DAF-8EA3-431940CFBFF6}.Release|Any CPU.Build.0 = Release|Any CPU
	EndGlobalSection
	GlobalSection(SolutionProperties) = preSolution
		HideSolutionNode = FALSE
	EndGlobalSection
	GlobalSection(ExtensibilityGlobals) = postSolution
		SolutionGuid = {B129E5B6-79A4-46E1-8145-1D5CFC14D09F}
	EndGlobalSection
EndGlobal
